// !$*UTF8*$!
{
	archiveVersion = 1;
	classes = {
	};
	objectVersion = 55;
	objects = {

/* Begin PBXBuildFile section */
		7A2790912D97255E004DB0F4 /* BrilloniniApp.swift in Sources */ = {isa = PBXBuildFile; fileRef = 7A2790902D97255E004DB0F4 /* BrilloniniApp.swift */; };
		7A2790932D97255E004DB0F4 /* ContentView.swift in Sources */ = {isa = PBXBuildFile; fileRef = 7A2790922D97255E004DB0F4 /* ContentView.swift */; };
		7A2790952D972568004DB0F4 /* Assets.xcassets in Resources */ = {isa = PBXBuildFile; fileRef = 7A2790942D972568004DB0F4 /* Assets.xcassets */; };
		7A2790982D972568004DB0F4 /* Preview Assets.xcassets in Resources */ = {isa = PBXBuildFile; fileRef = 7A2790972D972568004DB0F4 /* Preview Assets.xcassets */; };
		7A2790A02D97263F004DB0F4 /* BrightnessController.swift in Sources */ = {isa = PBXBuildFile; fileRef = 7A27909F2D97263E004DB0F4 /* BrightnessController.swift */; };
/* End PBXBuildFile section */

/* Begin PBXFileReference section */
		7A27908D2D97255E004DB0F4 /* Brillonini.app */ = {isa = PBXFileReference; explicitFileType = wrapper.application; includeInIndex = 0; path = Brillonini.app; sourceTree = BUILT_PRODUCTS_DIR; };
		7A2790902D97255E004DB0F4 /* BrilloniniApp.swift */ = {isa = PBXFileReference; lastKnownFileType = sourcecode.swift; path = BrilloniniApp.swift; sourceTree = "<group>"; };
		7A2790922D97255E004DB0F4 /* ContentView.swift */ = {isa = PBXFileReference; lastKnownFileType = sourcecode.swift; path = ContentView.swift; sourceTree = "<group>"; };
		7A2790942D972568004DB0F4 /* Assets.xcassets */ = {isa = PBXFileReference; lastKnownFileType = folder.assetcatalog; path = Assets.xcassets; sourceTree = "<group>"; };
		7A2790972D972568004DB0F4 /* Preview Assets.xcassets */ = {isa = PBXFileReference; lastKnownFileType = folder.assetcatalog; path = "Preview Assets.xcassets"; sourceTree = "<group>"; };
		7A2790992D972568004DB0F4 /* Brillonini.entitlements */ = {isa = PBXFileReference; lastKnownFileType = text.plist.entitlements; path = Brillonini.entitlements; sourceTree = "<group>"; };
		7A27909F2D97263E004DB0F4 /* BrightnessController.swift */ = {isa = PBXFileReference; lastKnownFileType = sourcecode.swift; path = BrightnessController.swift; sourceTree = "<group>"; };
		7A2790A12D972722004DB0F4 /* Info.plist */ = {isa = PBXFileReference; lastKnownFileType = text.plist; path = Info.plist; sourceTree = "<group>"; };
/* End PBXFileReference section */

/* Begin PBXFrameworksBuildPhase section */
		7A27908A2D97255E004DB0F4 /* Frameworks */ = {
			isa = PBXFrameworksBuildPhase;
			buildActionMask = 2147483647;
			files = (
			);
			runOnlyForDeploymentPostprocessing = 0;
		};
/* End PBXFrameworksBuildPhase section */

/* Begin PBXGroup section */
		7A2790842D97255E004DB0F4 = {
			isa = PBXGroup;
			children = (
				7A27908F2D97255E004DB0F4 /* Brillonini */,
				7A27908E2D97255E004DB0F4 /* Products */,
			);
			sourceTree = "<group>";
		};
		7A27908E2D97255E004DB0F4 /* Products */ = {
			isa = PBXGroup;
			children = (
				7A27908D2D97255E004DB0F4 /* Brillonini.app */,
			);
			name = Products;
			sourceTree = "<group>";
		};
		7A27908F2D97255E004DB0F4 /* Brillonini */ = {
			isa = PBXGroup;
			children = (
				7A2790A12D972722004DB0F4 /* Info.plist */,
				7A2790902D97255E004DB0F4 /* BrilloniniApp.swift */,
				7A2790922D97255E004DB0F4 /* ContentView.swift */,
				7A2790942D972568004DB0F4 /* Assets.xcassets */,
				7A2790992D972568004DB0F4 /* Brillonini.entitlements */,
				7A2790962D972568004DB0F4 /* Preview Content */,
				7A27909F2D97263E004DB0F4 /* BrightnessController.swift */,
			);
			path = Brillonini;
			sourceTree = "<group>";
		};
		7A2790962D972568004DB0F4 /* Preview Content */ = {
			isa = PBXGroup;
			children = (
				7A2790972D972568004DB0F4 /* Preview Assets.xcassets */,
			);
			path = "Preview Content";
			sourceTree = "<group>";
		};
/* End PBXGroup section */

/* Begin PBXNativeTarget section */
		7A27908C2D97255E004DB0F4 /* Brillonini */ = {
			isa = PBXNativeTarget;
			buildConfigurationList = 7A27909C2D972568004DB0F4 /* Build configuration list for PBXNativeTarget "Brillonini" */;
			buildPhases = (
				7A2790892D97255E004DB0F4 /* Sources */,
				7A27908A2D97255E004DB0F4 /* Frameworks */,
				7A27908B2D97255E004DB0F4 /* Resources */,
			);
			buildRules = (
			);
			dependencies = (
			);
			name = Brillonini;
			productName = Brillonini;
			productReference = 7A27908D2D97255E004DB0F4 /* Brillonini.app */;
			productType = "com.apple.product-type.application";
		};
/* End PBXNativeTarget section */

/* Begin PBXProject section */
		7A2790852D97255E004DB0F4 /* Project object */ = {
			isa = PBXProject;
			attributes = {
				BuildIndependentTargetsInParallel = 1;
				LastSwiftUpdateCheck = 1320;
				LastUpgradeCheck = 1320;
				TargetAttributes = {
					7A27908C2D97255E004DB0F4 = {
						CreatedOnToolsVersion = 13.2.1;
					};
				};
			};
			buildConfigurationList = 7A2790882D97255E004DB0F4 /* Build configuration list for PBXProject "Brillonini" */;
			compatibilityVersion = "Xcode 13.0";
			developmentRegion = en;
			hasScannedForEncodings = 0;
			knownRegions = (
				en,
				Base,
			);
			mainGroup = 7A2790842D97255E004DB0F4;
			productRefGroup = 7A27908E2D97255E004DB0F4 /* Products */;
			projectDirPath = "";
			projectRoot = "";
			targets = (
				7A27908C2D97255E004DB0F4 /* Brillonini */,
			);
		};
/* End PBXProject section */

/* Begin PBXResourcesBuildPhase section */
		7A27908B2D97255E004DB0F4 /* Resources */ = {
			isa = PBXResourcesBuildPhase;
			buildActionMask = 2147483647;
			files = (
				7A2790982D972568004DB0F4 /* Preview Assets.xcassets in Resources */,
				7A2790952D972568004DB0F4 /* Assets.xcassets in Resources */,
			);
			runOnlyForDeploymentPostprocessing = 0;
		};
/* End PBXResourcesBuildPhase section */

/* Begin PBXSourcesBuildPhase section */
		7A2790892D97255E004DB0F4 /* Sources */ = {
			isa = PBXSourcesBuildPhase;
			buildActionMask = 2147483647;
			files = (
				7A2790932D97255E004DB0F4 /* ContentView.swift in Sources */,
				7A2790912D97255E004DB0F4 /* BrilloniniApp.swift in Sources */,
				7A2790A02D97263F004DB0F4 /* BrightnessController.swift in Sources */,
			);
			runOnlyForDeploymentPostprocessing = 0;
		};
/* End PBXSourcesBuildPhase section */

/* Begin XCBuildConfiguration section */
		7A27909A2D972568004DB0F4 /* Debug */ = {
			isa = XCBuildConfiguration;
			buildSettings = {
				ALWAYS_SEARCH_USER_PATHS = NO;
				CLANG_ANALYZER_NONNULL = YES;
				CLANG_ANALYZER_NUMBER_OBJECT_CONVERSION = YES_AGGRESSIVE;
				CLANG_CXX_LANGUAGE_STANDARD = "gnu++17";
				CLANG_CXX_LIBRARY = "libc++";
				CLANG_ENABLE_MODULES = YES;
				CLANG_ENABLE_OBJC_ARC = YES;
				CLANG_ENABLE_OBJC_WEAK = YES;
				CLANG_WARN_BLOCK_CAPTURE_AUTORELEASING = YES;
				CLANG_WARN_BOOL_CONVERSION = YES;
				CLANG_WARN_COMMA = YES;
				CLANG_WARN_CONSTANT_CONVERSION = YES;
				CLANG_WARN_DEPRECATED_OBJC_IMPLEMENTATIONS = YES;
				CLANG_WARN_DIRECT_OBJC_ISA_USAGE = YES_ERROR;
				CLANG_WARN_DOCUMENTATION_COMMENTS = YES;
				CLANG_WARN_EMPTY_BODY = YES;
				CLANG_WARN_ENUM_CONVERSION = YES;
				CLANG_WARN_INFINITE_RECURSION = YES;
				CLANG_WARN_INT_CONVERSION = YES;
				CLANG_WARN_NON_LITERAL_NULL_CONVERSION = YES;
				CLANG_WARN_OBJC_IMPLICIT_RETAIN_SELF = YES;
				CLANG_WARN_OBJC_LITERAL_CONVERSION = YES;
				CLANG_WARN_OBJC_ROOT_CLASS = YES_ERROR;
				CLANG_WARN_QUOTED_INCLUDE_IN_FRAMEWORK_HEADER = YES;
				CLANG_WARN_RANGE_LOOP_ANALYSIS = YES;
				CLANG_WARN_STRICT_PROTOTYPES = YES;
				CLANG_WARN_SUSPICIOUS_MOVE = YES;
				CLANG_WARN_UNGUARDED_AVAILABILITY = YES_AGGRESSIVE;
				CLANG_WARN_UNREACHABLE_CODE = YES;
				CLANG_WARN__DUPLICATE_METHOD_MATCH = YES;
				COPY_PHASE_STRIP = NO;
				DEBUG_INFORMATION_FORMAT = dwarf;
				ENABLE_STRICT_OBJC_MSGSEND = YES;
				ENABLE_TESTABILITY = YES;
				GCC_C_LANGUAGE_STANDARD = gnu11;
				GCC_DYNAMIC_NO_PIC = NO;
				GCC_NO_COMMON_BLOCKS = YES;
				GCC_OPTIMIZATION_LEVEL = 0;
				GCC_PREPROCESSOR_DEFINITIONS = (
					"DEBUG=1",
					"$(inherited)",
				);
				GCC_WARN_64_TO_32_BIT_CONVERSION = YES;
				GCC_WARN_ABOUT_RETURN_TYPE = YES_ERROR;
				GCC_WARN_UNDECLARED_SELECTOR = YES;
				GCC_WARN_UNINITIALIZED_AUTOS = YES_AGGRESSIVE;
				GCC_WARN_UNUSED_FUNCTION = YES;
				GCC_WARN_UNUSED_VARIABLE = YES;
				MACOSX_DEPLOYMENT_TARGET = 11.7;
				MTL_ENABLE_DEBUG_INFO = INCLUDE_SOURCE;
				MTL_FAST_MATH = YES;
				ONLY_ACTIVE_ARCH = YES;
				SDKROOT = macosx;
				SWIFT_ACTIVE_COMPILATION_CONDITIONS = DEBUG;
				SWIFT_OPTIMIZATION_LEVEL = "-Onone";
			};
			name = Debug;
		};
		7A27909B2D972568004DB0F4 /* Release */ = {
			isa = XCBuildConfiguration;
			buildSettings = {
				ALWAYS_SEARCH_USER_PATHS = NO;
				CLANG_ANALYZER_NONNULL = YES;
				CLANG_ANALYZER_NUMBER_OBJECT_CONVERSION = YES_AGGRESSIVE;
				CLANG_CXX_LANGUAGE_STANDARD = "gnu++17";
				CLANG_CXX_LIBRARY = "libc++";
				CLANG_ENABLE_MODULES = YES;
				CLANG_ENABLE_OBJC_ARC = YES;
				CLANG_ENABLE_OBJC_WEAK = YES;
				CLANG_WARN_BLOCK_CAPTURE_AUTORELEASING = YES;
				CLANG_WARN_BOOL_CONVERSION = YES;
				CLANG_WARN_COMMA = YES;
				CLANG_WARN_CONSTANT_CONVERSION = YES;
				CLANG_WARN_DEPRECATED_OBJC_IMPLEMENTATIONS = YES;
				CLANG_WARN_DIRECT_OBJC_ISA_USAGE = YES_ERROR;
				CLANG_WARN_DOCUMENTATION_COMMENTS = YES;
				CLANG_WARN_EMPTY_BODY = YES;
				CLANG_WARN_ENUM_CONVERSION = YES;
				CLANG_WARN_INFINITE_RECURSION = YES;
				CLANG_WARN_INT_CONVERSION = YES;
				CLANG_WARN_NON_LITERAL_NULL_CONVERSION = YES;
				CLANG_WARN_OBJC_IMPLICIT_RETAIN_SELF = YES;
				CLANG_WARN_OBJC_LITERAL_CONVERSION = YES;
				CLANG_WARN_OBJC_ROOT_CLASS = YES_ERROR;
				CLANG_WARN_QUOTED_INCLUDE_IN_FRAMEWORK_HEADER = YES;
				CLANG_WARN_RANGE_LOOP_ANALYSIS = YES;
				CLANG_WARN_STRICT_PROTOTYPES = YES;
				CLANG_WARN_SUSPICIOUS_MOVE = YES;
				CLANG_WARN_UNGUARDED_AVAILABILITY = YES_AGGRESSIVE;
				CLANG_WARN_UNREACHABLE_CODE = YES;
				CLANG_WARN__DUPLICATE_METHOD_MATCH = YES;
				COPY_PHASE_STRIP = NO;
				DEBUG_INFORMATION_FORMAT = "dwarf-with-dsym";
				ENABLE_NS_ASSERTIONS = NO;
				ENABLE_STRICT_OBJC_MSGSEND = YES;
				GCC_C_LANGUAGE_STANDARD = gnu11;
				GCC_NO_COMMON_BLOCKS = YES;
				GCC_WARN_64_TO_32_BIT_CONVERSION = YES;
				GCC_WARN_ABOUT_RETURN_TYPE = YES_ERROR;
				GCC_WARN_UNDECLARED_SELECTOR = YES;
				GCC_WARN_UNINITIALIZED_AUTOS = YES_AGGRESSIVE;
				GCC_WARN_UNUSED_FUNCTION = YES;
				GCC_WARN_UNUSED_VARIABLE = YES;
				MACOSX_DEPLOYMENT_TARGET = 11.7;
				MTL_ENABLE_DEBUG_INFO = NO;
				MTL_FAST_MATH = YES;
				SDKROOT = macosx;
				SWIFT_COMPILATION_MODE = wholemodule;
				SWIFT_OPTIMIZATION_LEVEL = "-O";
			};
			name = Release;
		};
		7A27909D2D972568004DB0F4 /* Debug */ = {
			isa = XCBuildConfiguration;
			buildSettings = {
				ASSETCATALOG_COMPILER_APPICON_NAME = AppIcon;
				ASSETCATALOG_COMPILER_GLOBAL_ACCENT_COLOR_NAME = AccentColor;
				CODE_SIGN_ENTITLEMENTS = Brillonini/Brillonini.entitlements;
				CODE_SIGN_STYLE = Automatic;
				COMBINE_HIDPI_IMAGES = YES;
				CURRENT_PROJECT_VERSION = 1;
				DEVELOPMENT_ASSET_PATHS = "\"Brillonini/Preview Content\"";
				DEVELOPMENT_TEAM = 3U64K6S6NA;
				ENABLE_HARDENED_RUNTIME = YES;
				ENABLE_PREVIEWS = YES;
				GENERATE_INFOPLIST_FILE = YES;
				INFOPLIST_FILE = Brillonini/Info.plist;
				INFOPLIST_KEY_NSHumanReadableCopyright = "";
				LD_RUNPATH_SEARCH_PATHS = (
					"$(inherited)",
					"@executable_path/../Frameworks",
				);
				MARKETING_VERSION = 1.0;
				PRODUCT_BUNDLE_IDENTIFIER = com.desarrolloswebapp.brillonini.Brillonini;
				PRODUCT_NAME = "$(TARGET_NAME)";
				SWIFT_EMIT_LOC_STRINGS = YES;
				SWIFT_VERSION = 5.0;
			};
			name = Debug;
		};
		7A27909E2D972568004DB0F4 /* Release */ = {
			isa = XCBuildConfiguration;
			buildSettings = {
				ASSETCATALOG_COMPILER_APPICON_NAME = AppIcon;
				ASSETCATALOG_COMPILER_GLOBAL_ACCENT_COLOR_NAME = AccentColor;
				CODE_SIGN_ENTITLEMENTS = Brillonini/Brillonini.entitlements;
				CODE_SIGN_STYLE = Automatic;
				COMBINE_HIDPI_IMAGES = YES;
				CURRENT_PROJECT_VERSION = 1;
				DEVELOPMENT_ASSET_PATHS = "\"Brillonini/Preview Content\"";
				DEVELOPMENT_TEAM = 3U64K6S6NA;
				ENABLE_HARDENED_RUNTIME = YES;
				ENABLE_PREVIEWS = YES;
				GENERATE_INFOPLIST_FILE = YES;
				INFOPLIST_FILE = Brillonini/Info.plist;
				INFOPLIST_KEY_NSHumanReadableCopyright = "";
				LD_RUNPATH_SEARCH_PATHS = (
					"$(inherited)",
					"@executable_path/../Frameworks",
				);
				MARKETING_VERSION = 1.0;
				PRODUCT_BUNDLE_IDENTIFIER = com.desarrolloswebapp.brillonini.Brillonini;
				PRODUCT_NAME = "$(TARGET_NAME)";
				SWIFT_EMIT_LOC_STRINGS = YES;
				SWIFT_VERSION = 5.0;
			};
			name = Release;
		};
/* End XCBuildConfiguration section */

/* Begin XCConfigurationList section */
		7A2790882D97255E004DB0F4 /* Build configuration list for PBXProject "Brillonini" */ = {
			isa = XCConfigurationList;
			buildConfigurations = (
				7A27909A2D972568004DB0F4 /* Debug */,
				7A27909B2D972568004DB0F4 /* Release */,
			);
			defaultConfigurationIsVisible = 0;
			defaultConfigurationName = Release;
		};
		7A27909C2D972568004DB0F4 /* Build configuration list for PBXNativeTarget "Brillonini" */ = {
			isa = XCConfigurationList;
			buildConfigurations = (
				7A27909D2D972568004DB0F4 /* Debug */,
				7A27909E2D972568004DB0F4 /* Release */,
			);
			defaultConfigurationIsVisible = 0;
			defaultConfigurationName = Release;
		};
/* End XCConfigurationList section */
	};
	rootObject = 7A2790852D97255E004DB0F4 /* Project object */;
}
